// !$*UTF8*$!
{
	archiveVersion = 1;
	classes = {
	};
	objectVersion = 77;
	objects = {

/* Begin PBXBuildFile section */
		0D4B577C2C245106CA5DF8C7 /* FoodLogApp.swift in Sources */ = {isa = PBXBuildFile; fileRef = 17CE1FFF08E5E3F5C2665D9C /* FoodLogApp.swift */; };
		0FFEB0D26432DC69785AC435 /* TodayNutrients.swift in Sources */ = {isa = PBXBuildFile; fileRef = 7CC3868ECAFEC90D555AEFB2 /* TodayNutrients.swift */; };
		1E134C1FAD00EA4633F31754 /* Assets.xcassets in Resources */ = {isa = PBXBuildFile; fileRef = D6BF38EF6691FAA8C9402275 /* Assets.xcassets */; };
		5019C19CFF3FF371C27FA814 /* FoodEntry.swift in Sources */ = {isa = PBXBuildFile; fileRef = 808A121CC62B6846A04E9132 /* FoodEntry.swift */; };
		50BCFFB9723295EFE198AD00 /* libsqlite3.tbd in Frameworks */ = {isa = PBXBuildFile; fileRef = 6CD78F92C556705FF83993C8 /* libsqlite3.tbd */; };
		5565A82CF9761AB2CC75FAAC /* FNDDSDatabase.swift in Sources */ = {isa = PBXBuildFile; fileRef = 27EBB0FC405DE30940B0CCC6 /* FNDDSDatabase.swift */; };
		5C34436B5AA2181928474FD9 /* MacroRow.swift in Sources */ = {isa = PBXBuildFile; fileRef = E481DB6AA55DDB788F2549E4 /* MacroRow.swift */; };
		7052C4F3D71F6FFF5DC14345 /* HealthKitService.swift in Sources */ = {isa = PBXBuildFile; fileRef = BFDA4F623D7B73A83EF4E492 /* HealthKitService.swift */; };
		7B21B0B63A5A96F6EB28EC06 /* IdentifiedFood.swift in Sources */ = {isa = PBXBuildFile; fileRef = AFE3B43DCB17DD4028351B07 /* IdentifiedFood.swift */; };
		7EE48E5078DC0C66D5293CF2 /* AddFoodView.swift in Sources */ = {isa = PBXBuildFile; fileRef = 7752BA95AF5CF6DAA198CC92 /* AddFoodView.swift */; };
		902228764AB2FF564E0B3F1C /* MealDetailView.swift in Sources */ = {isa = PBXBuildFile; fileRef = 7D3D1AE0CE02A100C9A48C24 /* MealDetailView.swift */; };
		9428061159AF238A52D8F9A8 /* FoodLogView.swift in Sources */ = {isa = PBXBuildFile; fileRef = 6A0784CBEF440A05669898C1 /* FoodLogView.swift */; };
		952A9123778113E6F5E41666 /* CameraView.swift in Sources */ = {isa = PBXBuildFile; fileRef = 6F157AC74C62EA21BA1A5D7F /* CameraView.swift */; };
		9CC227081C8B9E950D580D96 /* NutrientsWidget.swift in Sources */ = {isa = PBXBuildFile; fileRef = 44B229B75CBA3350F8D94DF1 /* NutrientsWidget.swift */; };
		BA27B034FED83343E05A7F9C /* NutrientsWidget.appex in Embed Foundation Extensions */ = {isa = PBXBuildFile; fileRef = 210492D9A2623C82F2C9E63E /* NutrientsWidget.appex */; settings = {ATTRIBUTES = (RemoveHeadersOnCopy, ); }; };
		C9ABD125D8FB0CD72203899A /* TodayNutrients.swift in Sources */ = {isa = PBXBuildFile; fileRef = 7CC3868ECAFEC90D555AEFB2 /* TodayNutrients.swift */; };
		ECE1C9926469988A4681947A /* fndds.sqlite in Resources */ = {isa = PBXBuildFile; fileRef = DE3859C09443F406E8F83C15 /* fndds.sqlite */; };
		EFB13BCE2283BFBD5C31FB09 /* ClaudeService.swift in Sources */ = {isa = PBXBuildFile; fileRef = EABD568EEBF11F173DDE2099 /* ClaudeService.swift */; };
		F69B69B1956835132371C36C /* NutrientData.swift in Sources */ = {isa = PBXBuildFile; fileRef = FB443A8CAB3DD8EA56767CD6 /* NutrientData.swift */; };
		FCC338EE77EF52A9BA356807 /* SettingsView.swift in Sources */ = {isa = PBXBuildFile; fileRef = 90325F2D5E6AE6F27877B050 /* SettingsView.swift */; };
		FD205A2F7FCE7635B1FCC43F /* KeychainService.swift in Sources */ = {isa = PBXBuildFile; fileRef = 546057AAB58C8476D2470618 /* KeychainService.swift */; };
		B2C3D4E5F607B8C9D0E1F2A1 /* BeverageEntry.swift in Sources */ = {isa = PBXBuildFile; fileRef = A1B2C3D4E5F607B8C9D0E1F2 /* BeverageEntry.swift */; };
		C3D4E5F607B8C9D0E1F2A1B2 /* BeverageEntry.swift in Sources */ = {isa = PBXBuildFile; fileRef = A1B2C3D4E5F607B8C9D0E1F2 /* BeverageEntry.swift */; };
		E5F6A7B809D0E1F2A1B2C3D4 /* BeverageIntents.swift in Sources */ = {isa = PBXBuildFile; fileRef = D4E5F6A7B809D0E1F2A1B2C3 /* BeverageIntents.swift */; };
		F6A7B809D0E1F2A1B2C3D4E5 /* BeverageIntents.swift in Sources */ = {isa = PBXBuildFile; fileRef = D4E5F6A7B809D0E1F2A1B2C3 /* BeverageIntents.swift */; };
/* End PBXBuildFile section */

/* Begin PBXContainerItemProxy section */
		F690C2CA0CFF71246F39443A /* PBXContainerItemProxy */ = {
			isa = PBXContainerItemProxy;
			containerPortal = 3C6371F1C33DE3DDC4E468B8 /* Project object */;
			proxyType = 1;
			remoteGlobalIDString = 5B4BFE9CEA56C249B4983543;
			remoteInfo = NutrientsWidget;
		};
/* End PBXContainerItemProxy section */

/* Begin PBXCopyFilesBuildPhase section */
		A82889DD1C15D668CFCD79DA /* Embed Foundation Extensions */ = {
			isa = PBXCopyFilesBuildPhase;
			buildActionMask = 2147483647;
			dstPath = "";
			dstSubfolderSpec = 13;
			files = (
				BA27B034FED83343E05A7F9C /* NutrientsWidget.appex in Embed Foundation Extensions */,
			);
			name = "Embed Foundation Extensions";
			runOnlyForDeploymentPostprocessing = 0;
		};
/* End PBXCopyFilesBuildPhase section */

/* Begin PBXFileReference section */
		17CE1FFF08E5E3F5C2665D9C /* FoodLogApp.swift */ = {isa = PBXFileReference; lastKnownFileType = sourcecode.swift; path = FoodLogApp.swift; sourceTree = "<group>"; };
		210492D9A2623C82F2C9E63E /* NutrientsWidget.appex */ = {isa = PBXFileReference; includeInIndex = 0; lastKnownFileType = "wrapper.app-extension"; path = NutrientsWidget.appex; sourceTree = BUILT_PRODUCTS_DIR; };
		229A8D6915E1DA27E9795D77 /* Info.plist */ = {isa = PBXFileReference; lastKnownFileType = text.plist; path = Info.plist; sourceTree = "<group>"; };
		27EBB0FC405DE30940B0CCC6 /* FNDDSDatabase.swift */ = {isa = PBXFileReference; lastKnownFileType = sourcecode.swift; path = FNDDSDatabase.swift; sourceTree = "<group>"; };
		44B229B75CBA3350F8D94DF1 /* NutrientsWidget.swift */ = {isa = PBXFileReference; lastKnownFileType = sourcecode.swift; path = NutrientsWidget.swift; sourceTree = "<group>"; };
		546057AAB58C8476D2470618 /* KeychainService.swift */ = {isa = PBXFileReference; lastKnownFileType = sourcecode.swift; path = KeychainService.swift; sourceTree = "<group>"; };
		6A0784CBEF440A05669898C1 /* FoodLogView.swift */ = {isa = PBXFileReference; lastKnownFileType = sourcecode.swift; path = FoodLogView.swift; sourceTree = "<group>"; };
		6CD78F92C556705FF83993C8 /* libsqlite3.tbd */ = {isa = PBXFileReference; lastKnownFileType = "sourcecode.text-based-dylib-definition"; name = libsqlite3.tbd; path = usr/lib/libsqlite3.tbd; sourceTree = SDKROOT; };
		6F157AC74C62EA21BA1A5D7F /* CameraView.swift */ = {isa = PBXFileReference; lastKnownFileType = sourcecode.swift; path = CameraView.swift; sourceTree = "<group>"; };
		7752BA95AF5CF6DAA198CC92 /* AddFoodView.swift */ = {isa = PBXFileReference; lastKnownFileType = sourcecode.swift; path = AddFoodView.swift; sourceTree = "<group>"; };
		7CC3868ECAFEC90D555AEFB2 /* TodayNutrients.swift */ = {isa = PBXFileReference; lastKnownFileType = sourcecode.swift; path = TodayNutrients.swift; sourceTree = "<group>"; };
		7D3D1AE0CE02A100C9A48C24 /* MealDetailView.swift */ = {isa = PBXFileReference; lastKnownFileType = sourcecode.swift; path = MealDetailView.swift; sourceTree = "<group>"; };
		808A121CC62B6846A04E9132 /* FoodEntry.swift */ = {isa = PBXFileReference; lastKnownFileType = sourcecode.swift; path = FoodEntry.swift; sourceTree = "<group>"; };
		90325F2D5E6AE6F27877B050 /* SettingsView.swift */ = {isa = PBXFileReference; lastKnownFileType = sourcecode.swift; path = SettingsView.swift; sourceTree = "<group>"; };
		A04A06477132F3E7F7E1B520 /* NutrientsWidget.entitlements */ = {isa = PBXFileReference; lastKnownFileType = text.plist.entitlements; path = NutrientsWidget.entitlements; sourceTree = "<group>"; };
		AFE3B43DCB17DD4028351B07 /* IdentifiedFood.swift */ = {isa = PBXFileReference; lastKnownFileType = sourcecode.swift; path = IdentifiedFood.swift; sourceTree = "<group>"; };
		BFDA4F623D7B73A83EF4E492 /* HealthKitService.swift */ = {isa = PBXFileReference; lastKnownFileType = sourcecode.swift; path = HealthKitService.swift; sourceTree = "<group>"; };
		D61EC7B7AB9809D65FE28EB7 /* Info.plist */ = {isa = PBXFileReference; lastKnownFileType = text.plist; path = Info.plist; sourceTree = "<group>"; };
		D6BF38EF6691FAA8C9402275 /* Assets.xcassets */ = {isa = PBXFileReference; lastKnownFileType = folder.assetcatalog; path = Assets.xcassets; sourceTree = "<group>"; };
		D6E00E8000B12F9144775441 /* FoodLog.app */ = {isa = PBXFileReference; includeInIndex = 0; lastKnownFileType = wrapper.application; path = FoodLog.app; sourceTree = BUILT_PRODUCTS_DIR; };
		DE3859C09443F406E8F83C15 /* fndds.sqlite */ = {isa = PBXFileReference; lastKnownFileType = file; path = fndds.sqlite; sourceTree = "<group>"; };
		E481DB6AA55DDB788F2549E4 /* MacroRow.swift */ = {isa = PBXFileReference; lastKnownFileType = sourcecode.swift; path = MacroRow.swift; sourceTree = "<group>"; };
		EABD568EEBF11F173DDE2099 /* ClaudeService.swift */ = {isa = PBXFileReference; lastKnownFileType = sourcecode.swift; path = ClaudeService.swift; sourceTree = "<group>"; };
		FB443A8CAB3DD8EA56767CD6 /* NutrientData.swift */ = {isa = PBXFileReference; lastKnownFileType = sourcecode.swift; path = NutrientData.swift; sourceTree = "<group>"; };
		A1B2C3D4E5F607B8C9D0E1F2 /* BeverageEntry.swift */ = {isa = PBXFileReference; lastKnownFileType = sourcecode.swift; path = BeverageEntry.swift; sourceTree = "<group>"; };
		D4E5F6A7B809D0E1F2A1B2C3 /* BeverageIntents.swift */ = {isa = PBXFileReference; lastKnownFileType = sourcecode.swift; path = BeverageIntents.swift; sourceTree = "<group>"; };
/* End PBXFileReference section */

/* Begin PBXFrameworksBuildPhase section */
		3D168AC31D16389F5FDC8721 /* Frameworks */ = {
			isa = PBXFrameworksBuildPhase;
			buildActionMask = 2147483647;
			files = (
				50BCFFB9723295EFE198AD00 /* libsqlite3.tbd in Frameworks */,
			);
			runOnlyForDeploymentPostprocessing = 0;
		};
/* End PBXFrameworksBuildPhase section */

/* Begin PBXGroup section */
		36DC6979070F6910168D4A4F /* Models */ = {
			isa = PBXGroup;
			children = (
				808A121CC62B6846A04E9132 /* FoodEntry.swift */,
				AFE3B43DCB17DD4028351B07 /* IdentifiedFood.swift */,
				FB443A8CAB3DD8EA56767CD6 /* NutrientData.swift */,
			);
			path = Models;
			sourceTree = "<group>";
		};
		3CEA6BEC67EA8954F6158E71 /* NutrientsWidget */ = {
			isa = PBXGroup;
			children = (
				D61EC7B7AB9809D65FE28EB7 /* Info.plist */,
				A04A06477132F3E7F7E1B520 /* NutrientsWidget.entitlements */,
				44B229B75CBA3350F8D94DF1 /* NutrientsWidget.swift */,
			);
			path = NutrientsWidget;
			sourceTree = "<group>";
		};
		4A610F00B240D82C5F1226E8 /* FoodLog */ = {
			isa = PBXGroup;
			children = (
				D6BF38EF6691FAA8C9402275 /* Assets.xcassets */,
				17CE1FFF08E5E3F5C2665D9C /* FoodLogApp.swift */,
				229A8D6915E1DA27E9795D77 /* Info.plist */,
				36DC6979070F6910168D4A4F /* Models */,
				6E99DC96135233FED52447C8 /* Resources */,
				C1C0D4CDCB6CD8B582CE1DD2 /* Services */,
				8EA6AB6EA924EF4B6F921080 /* Views */,
			);
			path = FoodLog;
			sourceTree = "<group>";
		};
		6E99DC96135233FED52447C8 /* Resources */ = {
			isa = PBXGroup;
			children = (
				DE3859C09443F406E8F83C15 /* fndds.sqlite */,
			);
			path = Resources;
			sourceTree = "<group>";
		};
		8EA6AB6EA924EF4B6F921080 /* Views */ = {
			isa = PBXGroup;
			children = (
				7752BA95AF5CF6DAA198CC92 /* AddFoodView.swift */,
				6F157AC74C62EA21BA1A5D7F /* CameraView.swift */,
				6A0784CBEF440A05669898C1 /* FoodLogView.swift */,
				E481DB6AA55DDB788F2549E4 /* MacroRow.swift */,
				7D3D1AE0CE02A100C9A48C24 /* MealDetailView.swift */,
				90325F2D5E6AE6F27877B050 /* SettingsView.swift */,
			);
			path = Views;
			sourceTree = "<group>";
		};
		B16F62112F5B7CE1BF45915E /* Products */ = {
			isa = PBXGroup;
			children = (
				D6E00E8000B12F9144775441 /* FoodLog.app */,
				210492D9A2623C82F2C9E63E /* NutrientsWidget.appex */,
			);
			name = Products;
			sourceTree = "<group>";
		};
		C1C0D4CDCB6CD8B582CE1DD2 /* Services */ = {
			isa = PBXGroup;
			children = (
				EABD568EEBF11F173DDE2099 /* ClaudeService.swift */,
				27EBB0FC405DE30940B0CCC6 /* FNDDSDatabase.swift */,
				BFDA4F623D7B73A83EF4E492 /* HealthKitService.swift */,
				546057AAB58C8476D2470618 /* KeychainService.swift */,
			);
			path = Services;
			sourceTree = "<group>";
		};
		CB6A119B05F15903017D8DC6 = {
			isa = PBXGroup;
			children = (
				4A610F00B240D82C5F1226E8 /* FoodLog */,
				3CEA6BEC67EA8954F6158E71 /* NutrientsWidget */,
				F3C25220D257B1189ACF1CAE /* Shared */,
				DCEB9CFCEB24FA7790D75688 /* Frameworks */,
				B16F62112F5B7CE1BF45915E /* Products */,
			);
			sourceTree = "<group>";
		};
		DCEB9CFCEB24FA7790D75688 /* Frameworks */ = {
			isa = PBXGroup;
			children = (
				6CD78F92C556705FF83993C8 /* libsqlite3.tbd */,
			);
			name = Frameworks;
			sourceTree = "<group>";
		};
		F3C25220D257B1189ACF1CAE /* Shared */ = {
			isa = PBXGroup;
			children = (
				A1B2C3D4E5F607B8C9D0E1F2 /* BeverageEntry.swift */,
				D4E5F6A7B809D0E1F2A1B2C3 /* BeverageIntents.swift */,
				7CC3868ECAFEC90D555AEFB2 /* TodayNutrients.swift */,
			);
			path = Shared;
			sourceTree = "<group>";
		};
/* End PBXGroup section */

/* Begin PBXNativeTarget section */
		5B4BFE9CEA56C249B4983543 /* NutrientsWidget */ = {
			isa = PBXNativeTarget;
			buildConfigurationList = C6058EE88AE3F7A53494E12C /* Build configuration list for PBXNativeTarget "NutrientsWidget" */;
			buildPhases = (
				E333F806CB69741B45AB935B /* Sources */,
			);
			buildRules = (
			);
			dependencies = (
			);
			name = NutrientsWidget;
			packageProductDependencies = (
			);
			productName = NutrientsWidget;
			productReference = 210492D9A2623C82F2C9E63E /* NutrientsWidget.appex */;
			productType = "com.apple.product-type.app-extension";
		};
		5E0D7AFDF172F9F9EEA0F304 /* FoodLog */ = {
			isa = PBXNativeTarget;
			buildConfigurationList = 82A031E631AD1AD10E0A3523 /* Build configuration list for PBXNativeTarget "FoodLog" */;
			buildPhases = (
				6E21F996E89D1920E143B428 /* Sources */,
				C6EA286D1C2CCF6BE130395B /* Resources */,
				3D168AC31D16389F5FDC8721 /* Frameworks */,
				A82889DD1C15D668CFCD79DA /* Embed Foundation Extensions */,
			);
			buildRules = (
			);
			dependencies = (
				7D13A05BDFCECBEF42065FAA /* PBXTargetDependency */,
			);
			name = FoodLog;
			packageProductDependencies = (
			);
			productName = FoodLog;
			productReference = D6E00E8000B12F9144775441 /* FoodLog.app */;
			productType = "com.apple.product-type.application";
		};
/* End PBXNativeTarget section */

/* Begin PBXProject section */
		3C6371F1C33DE3DDC4E468B8 /* Project object */ = {
			isa = PBXProject;
			attributes = {
				BuildIndependentTargetsInParallel = YES;
				LastUpgradeCheck = 1500;
				TargetAttributes = {
					5B4BFE9CEA56C249B4983543 = {
						DevelopmentTeam = "";
					};
					5E0D7AFDF172F9F9EEA0F304 = {
						DevelopmentTeam = "";
					};
				};
			};
			buildConfigurationList = 7BFC589323471664458E30DA /* Build configuration list for PBXProject "FoodLog" */;
			compatibilityVersion = "Xcode 14.0";
			developmentRegion = en;
			hasScannedForEncodings = 0;
			knownRegions = (
				Base,
				en,
			);
			mainGroup = CB6A119B05F15903017D8DC6;
			minimizedProjectReferenceProxies = 1;
			preferredProjectObjectVersion = 77;
			projectDirPath = "";
			projectRoot = "";
			targets = (
				5E0D7AFDF172F9F9EEA0F304 /* FoodLog */,
				5B4BFE9CEA56C249B4983543 /* NutrientsWidget */,
			);
		};
/* End PBXProject section */

/* Begin PBXResourcesBuildPhase section */
		C6EA286D1C2CCF6BE130395B /* Resources */ = {
			isa = PBXResourcesBuildPhase;
			buildActionMask = 2147483647;
			files = (
				1E134C1FAD00EA4633F31754 /* Assets.xcassets in Resources */,
				ECE1C9926469988A4681947A /* fndds.sqlite in Resources */,
			);
			runOnlyForDeploymentPostprocessing = 0;
		};
/* End PBXResourcesBuildPhase section */

/* Begin PBXSourcesBuildPhase section */
		6E21F996E89D1920E143B428 /* Sources */ = {
			isa = PBXSourcesBuildPhase;
			buildActionMask = 2147483647;
			files = (
				7EE48E5078DC0C66D5293CF2 /* AddFoodView.swift in Sources */,
				B2C3D4E5F607B8C9D0E1F2A1 /* BeverageEntry.swift in Sources */,
				E5F6A7B809D0E1F2A1B2C3D4 /* BeverageIntents.swift in Sources */,
				952A9123778113E6F5E41666 /* CameraView.swift in Sources */,
				EFB13BCE2283BFBD5C31FB09 /* ClaudeService.swift in Sources */,
				5565A82CF9761AB2CC75FAAC /* FNDDSDatabase.swift in Sources */,
				5019C19CFF3FF371C27FA814 /* FoodEntry.swift in Sources */,
				0D4B577C2C245106CA5DF8C7 /* FoodLogApp.swift in Sources */,
				9428061159AF238A52D8F9A8 /* FoodLogView.swift in Sources */,
				7052C4F3D71F6FFF5DC14345 /* HealthKitService.swift in Sources */,
				7B21B0B63A5A96F6EB28EC06 /* IdentifiedFood.swift in Sources */,
				FD205A2F7FCE7635B1FCC43F /* KeychainService.swift in Sources */,
				5C34436B5AA2181928474FD9 /* MacroRow.swift in Sources */,
				902228764AB2FF564E0B3F1C /* MealDetailView.swift in Sources */,
				F69B69B1956835132371C36C /* NutrientData.swift in Sources */,
				FCC338EE77EF52A9BA356807 /* SettingsView.swift in Sources */,
				C9ABD125D8FB0CD72203899A /* TodayNutrients.swift in Sources */,
			);
			runOnlyForDeploymentPostprocessing = 0;
		};
		E333F806CB69741B45AB935B /* Sources */ = {
			isa = PBXSourcesBuildPhase;
			buildActionMask = 2147483647;
			files = (
				C3D4E5F607B8C9D0E1F2A1B2 /* BeverageEntry.swift in Sources */,
				F6A7B809D0E1F2A1B2C3D4E5 /* BeverageIntents.swift in Sources */,
				9CC227081C8B9E950D580D96 /* NutrientsWidget.swift in Sources */,
				0FFEB0D26432DC69785AC435 /* TodayNutrients.swift in Sources */,
			);
			runOnlyForDeploymentPostprocessing = 0;
		};
/* End PBXSourcesBuildPhase section */

/* Begin PBXTargetDependency section */
		7D13A05BDFCECBEF42065FAA /* PBXTargetDependency */ = {
			isa = PBXTargetDependency;
			target = 5B4BFE9CEA56C249B4983543 /* NutrientsWidget */;
			targetProxy = F690C2CA0CFF71246F39443A /* PBXContainerItemProxy */;
		};
/* End PBXTargetDependency section */

/* Begin XCBuildConfiguration section */
		03860F54E4443627969F13CB /* Release */ = {
			isa = XCBuildConfiguration;
			buildSettings = {
				ASSETCATALOG_COMPILER_APPICON_NAME = AppIcon;
				CODE_SIGN_ENTITLEMENTS = FoodLog.entitlements;
				CODE_SIGN_IDENTITY = "iPhone Developer";
				CURRENT_PROJECT_VERSION = 1;
				DEVELOPMENT_TEAM = "";
				INFOPLIST_FILE = FoodLog/Info.plist;
				LD_RUNPATH_SEARCH_PATHS = (
					"$(inherited)",
					"@executable_path/Frameworks",
				);
				MARKETING_VERSION = 1.0.0;
				PRODUCT_BUNDLE_IDENTIFIER = com.tevon.foodlog;
				SDKROOT = iphoneos;
				TARGETED_DEVICE_FAMILY = "1,2";
			};
			name = Release;
		};
		1D3A1255DB5B096875F6021B /* Release */ = {
			isa = XCBuildConfiguration;
			buildSettings = {
				CODE_SIGN_ENTITLEMENTS = NutrientsWidget/NutrientsWidget.entitlements;
				CURRENT_PROJECT_VERSION = 1;
				DEVELOPMENT_TEAM = "";
				INFOPLIST_FILE = NutrientsWidget/Info.plist;
				LD_RUNPATH_SEARCH_PATHS = (
					"$(inherited)",
					"@executable_path/Frameworks",
					"@executable_path/../../Frameworks",
				);
				MARKETING_VERSION = 1.0.0;
				PRODUCT_BUNDLE_IDENTIFIER = com.tevon.foodlog.NutrientsWidget;
				SDKROOT = iphoneos;
				TARGETED_DEVICE_FAMILY = "1,2";
			};
			name = Release;
		};
		210BEB26886C4E8E049A528D /* Debug */ = {
			isa = XCBuildConfiguration;
			buildSettings = {
				CODE_SIGN_ENTITLEMENTS = NutrientsWidget/NutrientsWidget.entitlements;
				CURRENT_PROJECT_VERSION = 1;
				DEVELOPMENT_TEAM = "";
				INFOPLIST_FILE = NutrientsWidget/Info.plist;
				LD_RUNPATH_SEARCH_PATHS = (
					"$(inherited)",
					"@executable_path/Frameworks",
					"@executable_path/../../Frameworks",
				);
				MARKETING_VERSION = 1.0.0;
				PRODUCT_BUNDLE_IDENTIFIER = com.tevon.foodlog.NutrientsWidget;
				SDKROOT = iphoneos;
				TARGETED_DEVICE_FAMILY = "1,2";
			};
			name = Debug;
		};
		74BA2E97BB1C93E8006700EA /* Debug */ = {
			isa = XCBuildConfiguration;
			buildSettings = {
				ASSETCATALOG_COMPILER_APPICON_NAME = AppIcon;
				CODE_SIGN_ENTITLEMENTS = FoodLog.entitlements;
				CODE_SIGN_IDENTITY = "iPhone Developer";
				CURRENT_PROJECT_VERSION = 1;
				DEVELOPMENT_TEAM = "";
				INFOPLIST_FILE = FoodLog/Info.plist;
				LD_RUNPATH_SEARCH_PATHS = (
					"$(inherited)",
					"@executable_path/Frameworks",
				);
				MARKETING_VERSION = 1.0.0;
				PRODUCT_BUNDLE_IDENTIFIER = com.tevon.foodlog;
				SDKROOT = iphoneos;
				TARGETED_DEVICE_FAMILY = "1,2";
			};
			name = Debug;
		};
		D56D4FE8D067BE37A348E006 /* Release */ = {
			isa = XCBuildConfiguration;
			buildSettings = {
				ALWAYS_SEARCH_USER_PATHS = NO;
				CLANG_ANALYZER_NONNULL = YES;
				CLANG_ANALYZER_NUMBER_OBJECT_CONVERSION = YES_AGGRESSIVE;
				CLANG_CXX_LANGUAGE_STANDARD = "gnu++14";
				CLANG_CXX_LIBRARY = "libc++";
				CLANG_ENABLE_MODULES = YES;
				CLANG_ENABLE_OBJC_ARC = YES;
				CLANG_ENABLE_OBJC_WEAK = YES;
				CLANG_WARN_BLOCK_CAPTURE_AUTORELEASING = YES;
				CLANG_WARN_BOOL_CONVERSION = YES;
				CLANG_WARN_COMMA = YES;
				CLANG_WARN_CONSTANT_CONVERSION = YES;
				CLANG_WARN_DEPRECATED_OBJC_IMPLEMENTATIONS = YES;
				CLANG_WARN_DIRECT_OBJC_ISA_USAGE = YES_ERROR;
				CLANG_WARN_DOCUMENTATION_COMMENTS = YES;
				CLANG_WARN_EMPTY_BODY = YES;
				CLANG_WARN_ENUM_CONVERSION = YES;
				CLANG_WARN_INFINITE_RECURSION = YES;
				CLANG_WARN_INT_CONVERSION = YES;
				CLANG_WARN_NON_LITERAL_NULL_CONVERSION = YES;
				CLANG_WARN_OBJC_IMPLICIT_RETAIN_SELF = YES;
				CLANG_WARN_OBJC_LITERAL_CONVERSION = YES;
				CLANG_WARN_OBJC_ROOT_CLASS = YES_ERROR;
				CLANG_WARN_QUOTED_INCLUDE_IN_FRAMEWORK_HEADER = YES;
				CLANG_WARN_RANGE_LOOP_ANALYSIS = YES;
				CLANG_WARN_STRICT_PROTOTYPES = YES;
				CLANG_WARN_SUSPICIOUS_MOVE = YES;
				CLANG_WARN_UNGUARDED_AVAILABILITY = YES_AGGRESSIVE;
				CLANG_WARN_UNREACHABLE_CODE = YES;
				CLANG_WARN__DUPLICATE_METHOD_MATCH = YES;
				COPY_PHASE_STRIP = NO;
				DEBUG_INFORMATION_FORMAT = "dwarf-with-dsym";
				ENABLE_NS_ASSERTIONS = NO;
				ENABLE_STRICT_OBJC_MSGSEND = YES;
				GCC_C_LANGUAGE_STANDARD = gnu11;
				GCC_NO_COMMON_BLOCKS = YES;
				GCC_WARN_64_TO_32_BIT_CONVERSION = YES;
				GCC_WARN_ABOUT_RETURN_TYPE = YES_ERROR;
				GCC_WARN_UNDECLARED_SELECTOR = YES;
				GCC_WARN_UNINITIALIZED_AUTOS = YES_AGGRESSIVE;
				GCC_WARN_UNUSED_FUNCTION = YES;
				GCC_WARN_UNUSED_VARIABLE = YES;
				IPHONEOS_DEPLOYMENT_TARGET = 17.0;
				MTL_ENABLE_DEBUG_INFO = NO;
				MTL_FAST_MATH = YES;
				PRODUCT_NAME = "$(TARGET_NAME)";
				SDKROOT = iphoneos;
				SWIFT_COMPILATION_MODE = wholemodule;
				SWIFT_OPTIMIZATION_LEVEL = "-O";
				SWIFT_VERSION = 5.9;
				TARGETED_DEVICE_FAMILY = 1;
			};
			name = Release;
		};
		F2B18BC2AE41A40A5BE5342C /* Debug */ = {
			isa = XCBuildConfiguration;
			buildSettings = {
				ALWAYS_SEARCH_USER_PATHS = NO;
				CLANG_ANALYZER_NONNULL = YES;
				CLANG_ANALYZER_NUMBER_OBJECT_CONVERSION = YES_AGGRESSIVE;
				CLANG_CXX_LANGUAGE_STANDARD = "gnu++14";
				CLANG_CXX_LIBRARY = "libc++";
				CLANG_ENABLE_MODULES = YES;
				CLANG_ENABLE_OBJC_ARC = YES;
				CLANG_ENABLE_OBJC_WEAK = YES;
				CLANG_WARN_BLOCK_CAPTURE_AUTORELEASING = YES;
				CLANG_WARN_BOOL_CONVERSION = YES;
				CLANG_WARN_COMMA = YES;
				CLANG_WARN_CONSTANT_CONVERSION = YES;
				CLANG_WARN_DEPRECATED_OBJC_IMPLEMENTATIONS = YES;
				CLANG_WARN_DIRECT_OBJC_ISA_USAGE = YES_ERROR;
				CLANG_WARN_DOCUMENTATION_COMMENTS = YES;
				CLANG_WARN_EMPTY_BODY = YES;
				CLANG_WARN_ENUM_CONVERSION = YES;
				CLANG_WARN_INFINITE_RECURSION = YES;
				CLANG_WARN_INT_CONVERSION = YES;
				CLANG_WARN_NON_LITERAL_NULL_CONVERSION = YES;
				CLANG_WARN_OBJC_IMPLICIT_RETAIN_SELF = YES;
				CLANG_WARN_OBJC_LITERAL_CONVERSION = YES;
				CLANG_WARN_OBJC_ROOT_CLASS = YES_ERROR;
				CLANG_WARN_QUOTED_INCLUDE_IN_FRAMEWORK_HEADER = YES;
				CLANG_WARN_RANGE_LOOP_ANALYSIS = YES;
				CLANG_WARN_STRICT_PROTOTYPES = YES;
				CLANG_WARN_SUSPICIOUS_MOVE = YES;
				CLANG_WARN_UNGUARDED_AVAILABILITY = YES_AGGRESSIVE;
				CLANG_WARN_UNREACHABLE_CODE = YES;
				CLANG_WARN__DUPLICATE_METHOD_MATCH = YES;
				COPY_PHASE_STRIP = NO;
				DEBUG_INFORMATION_FORMAT = dwarf;
				ENABLE_STRICT_OBJC_MSGSEND = YES;
				ENABLE_TESTABILITY = YES;
				GCC_C_LANGUAGE_STANDARD = gnu11;
				GCC_DYNAMIC_NO_PIC = NO;
				GCC_NO_COMMON_BLOCKS = YES;
				GCC_OPTIMIZATION_LEVEL = 0;
				GCC_PREPROCESSOR_DEFINITIONS = (
					"$(inherited)",
					"DEBUG=1",
				);
				GCC_WARN_64_TO_32_BIT_CONVERSION = YES;
				GCC_WARN_ABOUT_RETURN_TYPE = YES_ERROR;
				GCC_WARN_UNDECLARED_SELECTOR = YES;
				GCC_WARN_UNINITIALIZED_AUTOS = YES_AGGRESSIVE;
				GCC_WARN_UNUSED_FUNCTION = YES;
				GCC_WARN_UNUSED_VARIABLE = YES;
				IPHONEOS_DEPLOYMENT_TARGET = 17.0;
				MTL_ENABLE_DEBUG_INFO = INCLUDE_SOURCE;
				MTL_FAST_MATH = YES;
				ONLY_ACTIVE_ARCH = YES;
				PRODUCT_NAME = "$(TARGET_NAME)";
				SDKROOT = iphoneos;
				SWIFT_ACTIVE_COMPILATION_CONDITIONS = DEBUG;
				SWIFT_OPTIMIZATION_LEVEL = "-Onone";
				SWIFT_VERSION = 5.9;
				TARGETED_DEVICE_FAMILY = 1;
			};
			name = Debug;
		};
/* End XCBuildConfiguration section */

/* Begin XCConfigurationList section */
		7BFC589323471664458E30DA /* Build configuration list for PBXProject "FoodLog" */ = {
			isa = XCConfigurationList;
			buildConfigurations = (
				F2B18BC2AE41A40A5BE5342C /* Debug */,
				D56D4FE8D067BE37A348E006 /* Release */,
			);
			defaultConfigurationIsVisible = 0;
			defaultConfigurationName = Debug;
		};
		82A031E631AD1AD10E0A3523 /* Build configuration list for PBXNativeTarget "FoodLog" */ = {
			isa = XCConfigurationList;
			buildConfigurations = (
				74BA2E97BB1C93E8006700EA /* Debug */,
				03860F54E4443627969F13CB /* Release */,
			);
			defaultConfigurationIsVisible = 0;
			defaultConfigurationName = Debug;
		};
		C6058EE88AE3F7A53494E12C /* Build configuration list for PBXNativeTarget "NutrientsWidget" */ = {
			isa = XCConfigurationList;
			buildConfigurations = (
				210BEB26886C4E8E049A528D /* Debug */,
				1D3A1255DB5B096875F6021B /* Release */,
			);
			defaultConfigurationIsVisible = 0;
			defaultConfigurationName = Debug;
		};
/* End XCConfigurationList section */
	};
	rootObject = 3C6371F1C33DE3DDC4E468B8 /* Project object */;
}
